// !$*UTF8*$!
{
	archiveVersion = 1;
	classes = {
	};
	objectVersion = 56;
	objects = {

/* Begin PBXBuildFile section */
		B001 /* PersonalFinanceTrackerApp.swift in Sources */ = {isa = PBXBuildFile; fileRef = A001 /* PersonalFinanceTrackerApp.swift */; };
		B002 /* Transaction.swift in Sources */ = {isa = PBXBuildFile; fileRef = A002 /* Transaction.swift */; };
		B003 /* Account.swift in Sources */ = {isa = PBXBuildFile; fileRef = A003 /* Account.swift */; };
		B004 /* TransactionCategory.swift in Sources */ = {isa = PBXBuildFile; fileRef = A004 /* TransactionCategory.swift */; };
		B005 /* FinanceViewModel.swift in Sources */ = {isa = PBXBuildFile; fileRef = A005 /* FinanceViewModel.swift */; };
		B006 /* DashboardView.swift in Sources */ = {isa = PBXBuildFile; fileRef = A006 /* DashboardView.swift */; };
		B007 /* AddTransactionView.swift in Sources */ = {isa = PBXBuildFile; fileRef = A007 /* AddTransactionView.swift */; };
		B008 /* TransactionListView.swift in Sources */ = {isa = PBXBuildFile; fileRef = A008 /* TransactionListView.swift */; };
		B009 /* ChartsView.swift in Sources */ = {isa = PBXBuildFile; fileRef = A009 /* ChartsView.swift */; };
		B010 /* AccountsView.swift in Sources */ = {isa = PBXBuildFile; fileRef = A010 /* AccountsView.swift */; };
		B011 /* TransactionRowView.swift in Sources */ = {isa = PBXBuildFile; fileRef = A011 /* TransactionRowView.swift */; };
		B012 /* NetWorthCard.swift in Sources */ = {isa = PBXBuildFile; fileRef = A012 /* NetWorthCard.swift */; };
		B013 /* CashFlowCard.swift in Sources */ = {isa = PBXBuildFile; fileRef = A013 /* CashFlowCard.swift */; };
		B014 /* CategorySpendingChart.swift in Sources */ = {isa = PBXBuildFile; fileRef = A014 /* CategorySpendingChart.swift */; };
		B015 /* SpendingTrendChart.swift in Sources */ = {isa = PBXBuildFile; fileRef = A015 /* SpendingTrendChart.swift */; };
		B016 /* TransactionDetailView.swift in Sources */ = {isa = PBXBuildFile; fileRef = A016 /* TransactionDetailView.swift */; };
		B017 /* AddAccountView.swift in Sources */ = {isa = PBXBuildFile; fileRef = A017 /* AddAccountView.swift */; };
		B018 /* ContentView.swift in Sources */ = {isa = PBXBuildFile; fileRef = A018 /* ContentView.swift */; };
		B019 /* Assets.xcassets in Resources */ = {isa = PBXBuildFile; fileRef = A019 /* Assets.xcassets */; };
/* End PBXBuildFile section */

/* Begin PBXFileReference section */
		A001 /* PersonalFinanceTrackerApp.swift */ = {isa = PBXFileReference; lastKnownFileType = sourcecode.swift; path = PersonalFinanceTrackerApp.swift; sourceTree = "<group>"; };
		A002 /* Transaction.swift */ = {isa = PBXFileReference; lastKnownFileType = sourcecode.swift; path = Transaction.swift; sourceTree = "<group>"; };
		A003 /* Account.swift */ = {isa = PBXFileReference; lastKnownFileType = sourcecode.swift; path = Account.swift; sourceTree = "<group>"; };
		A004 /* TransactionCategory.swift */ = {isa = PBXFileReference; lastKnownFileType = sourcecode.swift; path = TransactionCategory.swift; sourceTree = "<group>"; };
		A005 /* FinanceViewModel.swift */ = {isa = PBXFileReference; lastKnownFileType = sourcecode.swift; path = FinanceViewModel.swift; sourceTree = "<group>"; };
		A006 /* DashboardView.swift */ = {isa = PBXFileReference; lastKnownFileType = sourcecode.swift; path = DashboardView.swift; sourceTree = "<group>"; };
		A007 /* AddTransactionView.swift */ = {isa = PBXFileReference; lastKnownFileType = sourcecode.swift; path = AddTransactionView.swift; sourceTree = "<group>"; };
		A008 /* TransactionListView.swift */ = {isa = PBXFileReference; lastKnownFileType = sourcecode.swift; path = TransactionListView.swift; sourceTree = "<group>"; };
		A009 /* ChartsView.swift */ = {isa = PBXFileReference; lastKnownFileType = sourcecode.swift; path = ChartsView.swift; sourceTree = "<group>"; };
		A010 /* AccountsView.swift */ = {isa = PBXFileReference; lastKnownFileType = sourcecode.swift; path = AccountsView.swift; sourceTree = "<group>"; };
		A011 /* TransactionRowView.swift */ = {isa = PBXFileReference; lastKnownFileType = sourcecode.swift; path = TransactionRowView.swift; sourceTree = "<group>"; };
		A012 /* NetWorthCard.swift */ = {isa = PBXFileReference; lastKnownFileType = sourcecode.swift; path = NetWorthCard.swift; sourceTree = "<group>"; };
		A013 /* CashFlowCard.swift */ = {isa = PBXFileReference; lastKnownFileType = sourcecode.swift; path = CashFlowCard.swift; sourceTree = "<group>"; };
		A014 /* CategorySpendingChart.swift */ = {isa = PBXFileReference; lastKnownFileType = sourcecode.swift; path = CategorySpendingChart.swift; sourceTree = "<group>"; };
		A015 /* SpendingTrendChart.swift */ = {isa = PBXFileReference; lastKnownFileType = sourcecode.swift; path = SpendingTrendChart.swift; sourceTree = "<group>"; };
		A016 /* TransactionDetailView.swift */ = {isa = PBXFileReference; lastKnownFileType = sourcecode.swift; path = TransactionDetailView.swift; sourceTree = "<group>"; };
		A017 /* AddAccountView.swift */ = {isa = PBXFileReference; lastKnownFileType = sourcecode.swift; path = AddAccountView.swift; sourceTree = "<group>"; };
		A018 /* ContentView.swift */ = {isa = PBXFileReference; lastKnownFileType = sourcecode.swift; path = ContentView.swift; sourceTree = "<group>"; };
		A019 /* Assets.xcassets */ = {isa = PBXFileReference; lastKnownFileType = folder.assetcatalog; path = "Resources/Assets.xcassets"; sourceTree = "<group>"; };
		A020 /* PersonalFinanceTracker.entitlements */ = {isa = PBXFileReference; lastKnownFileType = text.plist.entitlements; path = PersonalFinanceTracker.entitlements; sourceTree = "<group>"; };
		PROD /* PersonalFinanceTracker.app */ = {isa = PBXFileReference; explicitFileType = wrapper.application; includeInIndex = 0; path = PersonalFinanceTracker.app; sourceTree = BUILT_PRODUCTS_DIR; };
/* End PBXFileReference section */

/* Begin PBXFrameworksBuildPhase section */
		FW01 = {
			isa = PBXFrameworksBuildPhase;
			buildActionMask = 2147483647;
			files = (
			);
			runOnlyForDeploymentPostprocessing = 0;
		};
/* End PBXFrameworksBuildPhase section */

/* Begin PBXGroup section */
		ROOT = {
			isa = PBXGroup;
			children = (
				GRP1 /* PersonalFinanceTracker */,
				GRP9 /* Products */,
			);
			sourceTree = "<group>";
		};
		GRP9 /* Products */ = {
			isa = PBXGroup;
			children = (
				PROD /* PersonalFinanceTracker.app */,
			);
			name = Products;
			sourceTree = "<group>";
		};
		GRP1 /* PersonalFinanceTracker */ = {
			isa = PBXGroup;
			children = (
				A001 /* PersonalFinanceTrackerApp.swift */,
				A018 /* ContentView.swift */,
				A020 /* PersonalFinanceTracker.entitlements */,
				GRP2 /* Models */,
				GRP3 /* ViewModels */,
				GRP4 /* Views */,
				A019 /* Assets.xcassets */,
			);
			path = PersonalFinanceTracker;
			sourceTree = "<group>";
		};
		GRP2 /* Models */ = {
			isa = PBXGroup;
			children = (
				A002 /* Transaction.swift */,
				A003 /* Account.swift */,
				A004 /* TransactionCategory.swift */,
			);
			path = Models;
			sourceTree = "<group>";
		};
		GRP3 /* ViewModels */ = {
			isa = PBXGroup;
			children = (
				A005 /* FinanceViewModel.swift */,
			);
			path = ViewModels;
			sourceTree = "<group>";
		};
		GRP4 /* Views */ = {
			isa = PBXGroup;
			children = (
				GRP5 /* Dashboard */,
				GRP6 /* Transactions */,
				GRP7 /* Charts */,
				GRP8 /* Accounts */,
				GRPC /* Components */,
			);
			path = Views;
			sourceTree = "<group>";
		};
		GRP5 /* Dashboard */ = {
			isa = PBXGroup;
			children = (
				A006 /* DashboardView.swift */,
			);
			path = Dashboard;
			sourceTree = "<group>";
		};
		GRP6 /* Transactions */ = {
			isa = PBXGroup;
			children = (
				A007 /* AddTransactionView.swift */,
				A008 /* TransactionListView.swift */,
				A016 /* TransactionDetailView.swift */,
			);
			path = Transactions;
			sourceTree = "<group>";
		};
		GRP7 /* Charts */ = {
			isa = PBXGroup;
			children = (
				A009 /* ChartsView.swift */,
				A014 /* CategorySpendingChart.swift */,
				A015 /* SpendingTrendChart.swift */,
			);
			path = Charts;
			sourceTree = "<group>";
		};
		GRP8 /* Accounts */ = {
			isa = PBXGroup;
			children = (
				A010 /* AccountsView.swift */,
				A017 /* AddAccountView.swift */,
			);
			path = Accounts;
			sourceTree = "<group>";
		};
		GRPC /* Components */ = {
			isa = PBXGroup;
			children = (
				A011 /* TransactionRowView.swift */,
				A012 /* NetWorthCard.swift */,
				A013 /* CashFlowCard.swift */,
			);
			path = Components;
			sourceTree = "<group>";
		};
/* End PBXGroup section */

/* Begin PBXNativeTarget section */
		TGT1 /* PersonalFinanceTracker */ = {
			isa = PBXNativeTarget;
			buildConfigurationList = BCL1 /* Build configuration list for PBXNativeTarget "PersonalFinanceTracker" */;
			buildPhases = (
				SRC1 /* Sources */,
				FW01 /* Frameworks */,
				RES1 /* Resources */,
			);
			buildRules = (
			);
			dependencies = (
			);
			name = PersonalFinanceTracker;
			productName = PersonalFinanceTracker;
			productReference = PROD /* PersonalFinanceTracker.app */;
			productType = "com.apple.product-type.application";
		};
/* End PBXNativeTarget section */

/* Begin PBXProject section */
		PROJ /* Project object */ = {
			isa = PBXProject;
			attributes = {
				BuildIndependentTargetsInParallel = 1;
				LastSwiftUpdateCheck = 1500;
				LastUpgradeCheck = 1500;
				TargetAttributes = {
					TGT1 = {
						CreatedOnToolsVersion = 15.0;
					};
				};
			};
			buildConfigurationList = BCL0 /* Build configuration list for PBXProject "PersonalFinanceTracker" */;
			compatibilityVersion = "Xcode 14.0";
			developmentRegion = en;
			hasScannedForEncodings = 0;
			knownRegions = (
				en,
				Base,
			);
			mainGroup = ROOT;
			productRefGroup = GRP9 /* Products */;
			projectDirPath = "";
			projectRoot = "";
			targets = (
				TGT1 /* PersonalFinanceTracker */,
			);
		};
/* End PBXProject section */

/* Begin PBXResourcesBuildPhase section */
		RES1 = {
			isa = PBXResourcesBuildPhase;
			buildActionMask = 2147483647;
			files = (
				B019 /* Assets.xcassets in Resources */,
			);
			runOnlyForDeploymentPostprocessing = 0;
		};
/* End PBXResourcesBuildPhase section */

/* Begin PBXSourcesBuildPhase section */
		SRC1 = {
			isa = PBXSourcesBuildPhase;
			buildActionMask = 2147483647;
			files = (
				B001 /* PersonalFinanceTrackerApp.swift in Sources */,
				B002 /* Transaction.swift in Sources */,
				B003 /* Account.swift in Sources */,
				B004 /* TransactionCategory.swift in Sources */,
				B005 /* FinanceViewModel.swift in Sources */,
				B006 /* DashboardView.swift in Sources */,
				B007 /* AddTransactionView.swift in Sources */,
				B008 /* TransactionListView.swift in Sources */,
				B009 /* ChartsView.swift in Sources */,
				B010 /* AccountsView.swift in Sources */,
				B011 /* TransactionRowView.swift in Sources */,
				B012 /* NetWorthCard.swift in Sources */,
				B013 /* CashFlowCard.swift in Sources */,
				B014 /* CategorySpendingChart.swift in Sources */,
				B015 /* SpendingTrendChart.swift in Sources */,
				B016 /* TransactionDetailView.swift in Sources */,
				B017 /* AddAccountView.swift in Sources */,
				B018 /* ContentView.swift in Sources */,
			);
			runOnlyForDeploymentPostprocessing = 0;
		};
/* End PBXSourcesBuildPhase section */

/* Begin XCBuildConfiguration section */
		BC01 /* Debug */ = {
			isa = XCBuildConfiguration;
			buildSettings = {
				ALWAYS_SEARCH_USER_PATHS = NO;
				ASSETCATALOG_COMPILER_GENERATE_SWIFT_ASSET_SYMBOL_EXTENSIONS = YES;
				CLANG_ANALYZER_NONNULL = YES;
				CLANG_ANALYZER_NUMBER_OBJECT_CONVERSION = YES_AGGRESSIVE;
				CLANG_CXX_LANGUAGE_STANDARD = "gnu++20";
				CLANG_ENABLE_MODULES = YES;
				CLANG_ENABLE_OBJC_ARC = YES;
				CLANG_ENABLE_OBJC_WEAK = YES;
				CLANG_WARN_BLOCK_CAPTURE_AUTORELEASING = YES;
				CLANG_WARN_BOOL_CONVERSION = YES;
				CLANG_WARN_COMMA = YES;
				CLANG_WARN_CONSTANT_CONVERSION = YES;
				CLANG_WARN_DEPRECATED_OBJC_IMPLEMENTATIONS = YES;
				CLANG_WARN_DIRECT_OBJC_ISA_USAGE = YES_ERROR;
				CLANG_WARN_DOCUMENTATION_COMMENTS = YES;
				CLANG_WARN_EMPTY_BODY = YES;
				CLANG_WARN_ENUM_CONVERSION = YES;
				CLANG_WARN_INFINITE_RECURSION = YES;
				CLANG_WARN_INT_CONVERSION = YES;
				CLANG_WARN_NON_LITERAL_NULL_CONVERSION = YES;
				CLANG_WARN_OBJC_IMPLICIT_RETAIN_SELF = YES;
				CLANG_WARN_OBJC_LITERAL_CONVERSION = YES;
				CLANG_WARN_OBJC_ROOT_CLASS = YES_ERROR;
				CLANG_WARN_QUOTED_INCLUDE_IN_FRAMEWORK_HEADER = YES;
				CLANG_WARN_RANGE_LOOP_ANALYSIS = YES;
				CLANG_WARN_STRICT_PROTOTYPES = YES;
				CLANG_WARN_SUSPICIOUS_MOVE = YES;
				CLANG_WARN_UNGUARDED_AVAILABILITY = YES_AGGRESSIVE;
				CLANG_WARN_UNREACHABLE_CODE = YES;
				CLANG_WARN__DUPLICATE_METHOD_MATCH = YES;
				COPY_PHASE_STRIP = NO;
				DEBUG_INFORMATION_FORMAT = dwarf;
				ENABLE_STRICT_OBJC_MSGSEND = YES;
				ENABLE_TESTABILITY = YES;
				ENABLE_USER_SCRIPT_SANDBOXING = YES;
				GCC_C_LANGUAGE_STANDARD = gnu17;
				GCC_DYNAMIC_NO_PIC = NO;
				GCC_NO_COMMON_BLOCKS = YES;
				GCC_OPTIMIZATION_LEVEL = 0;
				GCC_PREPROCESSOR_DEFINITIONS = (
					"DEBUG=1",
					"$(inherited)",
				);
				GCC_WARN_64_TO_32_BIT_CONVERSION = YES;
				GCC_WARN_ABOUT_RETURN_TYPE = YES_ERROR;
				GCC_WARN_UNDECLARED_SELECTOR = YES;
				GCC_WARN_UNINITIALIZED_AUTOS = YES_AGGRESSIVE;
				GCC_WARN_UNUSED_FUNCTION = YES;
				GCC_WARN_UNUSED_VARIABLE = YES;
				IPHONEOS_DEPLOYMENT_TARGET = 17.0;
				MTL_ENABLE_DEBUG_INFO = INCLUDE_SOURCE;
				MTL_FAST_MATH = YES;
				ONLY_ACTIVE_ARCH = YES;
				SDKROOT = iphoneos;
				SWIFT_ACTIVE_COMPILATION_CONDITIONS = "DEBUG $(inherited)";
				SWIFT_OPTIMIZATION_LEVEL = "-Onone";
			};
			name = Debug;
		};
		BC02 /* Release */ = {
			isa = XCBuildConfiguration;
			buildSettings = {
				ALWAYS_SEARCH_USER_PATHS = NO;
				ASSETCATALOG_COMPILER_GENERATE_SWIFT_ASSET_SYMBOL_EXTENSIONS = YES;
				CLANG_ANALYZER_NONNULL = YES;
				CLANG_ANALYZER_NUMBER_OBJECT_CONVERSION = YES_AGGRESSIVE;
				CLANG_CXX_LANGUAGE_STANDARD = "gnu++20";
				CLANG_ENABLE_MODULES = YES;
				CLANG_ENABLE_OBJC_ARC = YES;
				CLANG_ENABLE_OBJC_WEAK = YES;
				CLANG_WARN_BLOCK_CAPTURE_AUTORELEASING = YES;
				CLANG_WARN_BOOL_CONVERSION = YES;
				CLANG_WARN_COMMA = YES;
				CLANG_WARN_CONSTANT_CONVERSION = YES;
				CLANG_WARN_DEPRECATED_OBJC_IMPLEMENTATIONS = YES;
				CLANG_WARN_DIRECT_OBJC_ISA_USAGE = YES_ERROR;
				CLANG_WARN_DOCUMENTATION_COMMENTS = YES;
				CLANG_WARN_EMPTY_BODY = YES;
				CLANG_WARN_ENUM_CONVERSION = YES;
				CLANG_WARN_INFINITE_RECURSION = YES;
				CLANG_WARN_INT_CONVERSION = YES;
				CLANG_WARN_NON_LITERAL_NULL_CONVERSION = YES;
				CLANG_WARN_OBJC_IMPLICIT_RETAIN_SELF = YES;
				CLANG_WARN_OBJC_LITERAL_CONVERSION = YES;
				CLANG_WARN_OBJC_ROOT_CLASS = YES_ERROR;
				CLANG_WARN_QUOTED_INCLUDE_IN_FRAMEWORK_HEADER = YES;
				CLANG_WARN_RANGE_LOOP_ANALYSIS = YES;
				CLANG_WARN_STRICT_PROTOTYPES = YES;
				CLANG_WARN_SUSPICIOUS_MOVE = YES;
				CLANG_WARN_UNGUARDED_AVAILABILITY = YES_AGGRESSIVE;
				CLANG_WARN_UNREACHABLE_CODE = YES;
				CLANG_WARN__DUPLICATE_METHOD_MATCH = YES;
				COPY_PHASE_STRIP = NO;
				DEBUG_INFORMATION_FORMAT = "dwarf-with-dsym";
				ENABLE_NS_ASSERTIONS = NO;
				ENABLE_STRICT_OBJC_MSGSEND = YES;
				ENABLE_USER_SCRIPT_SANDBOXING = YES;
				GCC_C_LANGUAGE_STANDARD = gnu17;
				GCC_NO_COMMON_BLOCKS = YES;
				GCC_WARN_64_TO_32_BIT_CONVERSION = YES;
				GCC_WARN_ABOUT_RETURN_TYPE = YES_ERROR;
				GCC_WARN_UNDECLARED_SELECTOR = YES;
				GCC_WARN_UNINITIALIZED_AUTOS = YES_AGGRESSIVE;
				GCC_WARN_UNUSED_FUNCTION = YES;
				GCC_WARN_UNUSED_VARIABLE = YES;
				IPHONEOS_DEPLOYMENT_TARGET = 17.0;
				MTL_FAST_MATH = YES;
				SDKROOT = iphoneos;
				SWIFT_COMPILATION_MODE = wholemodule;
				VALIDATE_PRODUCT = YES;
			};
			name = Release;
		};
		BC03 /* Debug */ = {
			isa = XCBuildConfiguration;
			buildSettings = {
				ASSETCATALOG_COMPILER_APPICON_NAME = AppIcon;
				ASSETCATALOG_COMPILER_GLOBAL_ACCENT_COLOR_NAME = AccentColor;
				CODE_SIGN_ENTITLEMENTS = PersonalFinanceTracker/PersonalFinanceTracker.entitlements;
				CODE_SIGN_STYLE = Automatic;
				CURRENT_PROJECT_VERSION = 1;
				DEVELOPMENT_ASSET_PATHS = "";
				ENABLE_PREVIEWS = YES;
				GENERATE_INFOPLIST_FILE = YES;
				INFOPLIST_KEY_UIApplicationSceneManifest_Generation = YES;
				INFOPLIST_KEY_UIApplicationSupportsIndirectInputEvents = YES;
				INFOPLIST_KEY_UILaunchScreen_Generation = YES;
				INFOPLIST_KEY_UISupportedInterfaceOrientations_iPhone = "UIInterfaceOrientationPortrait UIInterfaceOrientationLandscapeLeft UIInterfaceOrientationLandscapeRight";
				INFOPLIST_KEY_UISupportedInterfaceOrientations_iPad = "UIInterfaceOrientationPortrait UIInterfaceOrientationPortraitUpsideDown UIInterfaceOrientationLandscapeLeft UIInterfaceOrientationLandscapeRight";
				IPHONEOS_DEPLOYMENT_TARGET = 17.0;
				LD_RUNPATH_SEARCH_PATHS = "$(inherited) @executable_path/Frameworks";
				MARKETING_VERSION = 1.0;
				PRODUCT_BUNDLE_IDENTIFIER = com.personalfinance.tracker;
				PRODUCT_NAME = "$(TARGET_NAME)";
				SWIFT_EMIT_LOC_STRINGS = YES;
				SWIFT_VERSION = 5.0;
				TARGETED_DEVICE_FAMILY = "1,2";
			};
			name = Debug;
		};
		BC04 /* Release */ = {
			isa = XCBuildConfiguration;
			buildSettings = {
				ASSETCATALOG_COMPILER_APPICON_NAME = AppIcon;
				ASSETCATALOG_COMPILER_GLOBAL_ACCENT_COLOR_NAME = AccentColor;
				CODE_SIGN_ENTITLEMENTS = PersonalFinanceTracker/PersonalFinanceTracker.entitlements;
				CODE_SIGN_STYLE = Automatic;
				CURRENT_PROJECT_VERSION = 1;
				DEVELOPMENT_ASSET_PATHS = "";
				ENABLE_PREVIEWS = YES;
				GENERATE_INFOPLIST_FILE = YES;
				INFOPLIST_KEY_UIApplicationSceneManifest_Generation = YES;
				INFOPLIST_KEY_UIApplicationSupportsIndirectInputEvents = YES;
				INFOPLIST_KEY_UILaunchScreen_Generation = YES;
				INFOPLIST_KEY_UISupportedInterfaceOrientations_iPhone = "UIInterfaceOrientationPortrait UIInterfaceOrientationLandscapeLeft UIInterfaceOrientationLandscapeRight";
				INFOPLIST_KEY_UISupportedInterfaceOrientations_iPad = "UIInterfaceOrientationPortrait UIInterfaceOrientationPortraitUpsideDown UIInterfaceOrientationLandscapeLeft UIInterfaceOrientationLandscapeRight";
				IPHONEOS_DEPLOYMENT_TARGET = 17.0;
				LD_RUNPATH_SEARCH_PATHS = "$(inherited) @executable_path/Frameworks";
				MARKETING_VERSION = 1.0;
				PRODUCT_BUNDLE_IDENTIFIER = com.personalfinance.tracker;
				PRODUCT_NAME = "$(TARGET_NAME)";
				SWIFT_EMIT_LOC_STRINGS = YES;
				SWIFT_VERSION = 5.0;
				TARGETED_DEVICE_FAMILY = "1,2";
			};
			name = Release;
		};
/* End XCBuildConfiguration section */

/* Begin XCConfigurationList section */
		BCL0 /* Build configuration list for PBXProject "PersonalFinanceTracker" */ = {
			isa = XCConfigurationList;
			buildConfigurations = (
				BC01 /* Debug */,
				BC02 /* Release */,
			);
			defaultConfigurationIsVisible = 0;
			defaultConfigurationName = Release;
		};
		BCL1 /* Build configuration list for PBXNativeTarget "PersonalFinanceTracker" */ = {
			isa = XCConfigurationList;
			buildConfigurations = (
				BC03 /* Debug */,
				BC04 /* Release */,
			);
			defaultConfigurationIsVisible = 0;
			defaultConfigurationName = Release;
		};
/* End XCConfigurationList section */
	};
	rootObject = PROJ /* Project object */;
}
